// !$*UTF8*$!
{
	archiveVersion = 1;
	classes = {
	};
	objectVersion = 50;
	objects = {

/* Begin PBXBuildFile section */
		8F04209C24BBBEB300182235 /* ParametresTableViewController.swift in Sources */ = {isa = PBXBuildFile; fileRef = 8F04209B24BBBEB300182235 /* ParametresTableViewController.swift */; };
		8F04209E24BBBF2000182235 /* DetailsPrevisionViewController.swift in Sources */ = {isa = PBXBuildFile; fileRef = 8F04209D24BBBF2000182235 /* DetailsPrevisionViewController.swift */; };
		8F0420A124C0FF7800182235 /* ParseurJSONNOAA.swift in Sources */ = {isa = PBXBuildFile; fileRef = 8F0420A024C0FF7800182235 /* ParseurJSONNOAA.swift */; };
		8F0420A324C1081E00182235 /* ProtocolesParseurs.swift in Sources */ = {isa = PBXBuildFile; fileRef = 8F0420A224C1081E00182235 /* ProtocolesParseurs.swift */; };
		8F0420A724C276A600182235 /* StateController.swift in Sources */ = {isa = PBXBuildFile; fileRef = 8F0420A624C276A600182235 /* StateController.swift */; };
		8F057E5E24B25F00009F8D78 /* Papier brouillon in Resources */ = {isa = PBXBuildFile; fileRef = 8F057E5D24B25F00009F8D78 /* Papier brouillon */; };
		8F095A6524B0FE1B000AC650 /* SwiftyJSON.swift in Sources */ = {isa = PBXBuildFile; fileRef = 8F095A6424B0DAFA000AC650 /* SwiftyJSON.swift */; };
		8F0D598F24369DFA004D4438 /* AppDelegate.swift in Sources */ = {isa = PBXBuildFile; fileRef = 8F0D598E24369DFA004D4438 /* AppDelegate.swift */; };
		8F0D599124369DFA004D4438 /* ListePrevisionsViewController.swift in Sources */ = {isa = PBXBuildFile; fileRef = 8F0D599024369DFA004D4438 /* ListePrevisionsViewController.swift */; };
		8F0D599324369DFA004D4438 /* ConditionsActuellesViewController.swift in Sources */ = {isa = PBXBuildFile; fileRef = 8F0D599224369DFA004D4438 /* ConditionsActuellesViewController.swift */; };
		8F0D599624369DFA004D4438 /* Main.storyboard in Resources */ = {isa = PBXBuildFile; fileRef = 8F0D599424369DFA004D4438 /* Main.storyboard */; };
		8F0D599824369DFC004D4438 /* Assets.xcassets in Resources */ = {isa = PBXBuildFile; fileRef = 8F0D599724369DFC004D4438 /* Assets.xcassets */; };
		8F0D599B24369DFC004D4438 /* LaunchScreen.storyboard in Resources */ = {isa = PBXBuildFile; fileRef = 8F0D599924369DFC004D4438 /* LaunchScreen.storyboard */; };
		8F0D59A624369DFC004D4438 /* MetaeoTests.swift in Sources */ = {isa = PBXBuildFile; fileRef = 8F0D59A524369DFC004D4438 /* MetaeoTests.swift */; };
		8F0D59B1243D66C0004D4438 /* Notes générales in Resources */ = {isa = PBXBuildFile; fileRef = 8F0D59B0243D66C0004D4438 /* Notes générales */; };
		8F0D59B5243E91FD004D4438 /* Utilitaires.swift in Sources */ = {isa = PBXBuildFile; fileRef = 8F0D59B4243E91FD004D4438 /* Utilitaires.swift */; };
		8F0D59C22440C49F004D4438 /* Prevision.swift in Sources */ = {isa = PBXBuildFile; fileRef = 8F0D59C12440C49F004D4438 /* Prevision.swift */; };
		8F0D59C4244936AF004D4438 /* To-do list in Resources */ = {isa = PBXBuildFile; fileRef = 8F0D59C3244936AF004D4438 /* To-do list */; };
		8F0D59C8248B3233004D4438 /* PrevisionSourceTableViewCell.swift in Sources */ = {isa = PBXBuildFile; fileRef = 8F0D59C7248B3233004D4438 /* PrevisionSourceTableViewCell.swift */; };
		8F0D59CA249E654F004D4438 /* DelegueParseurXMLEnvironnementCanada.swift in Sources */ = {isa = PBXBuildFile; fileRef = 8F0D59C9249E654F004D4438 /* DelegueParseurXMLEnvironnementCanada.swift */; };
		8F0D59D024A3CEDF004D4438 /* PrevisionPeriodeCollectionViewCell.swift in Sources */ = {isa = PBXBuildFile; fileRef = 8F0D59CF24A3CEDF004D4438 /* PrevisionPeriodeCollectionViewCell.swift */; };
		8F0D59D224A3E6BB004D4438 /* Achievements in Resources */ = {isa = PBXBuildFile; fileRef = 8F0D59D124A3E6BB004D4438 /* Achievements */; };
		8F0D59D424AB9941004D4438 /* EnumConditions.swift in Sources */ = {isa = PBXBuildFile; fileRef = 8F0D59D324AB9941004D4438 /* EnumConditions.swift */; };
		8F5EFD3324B106C6002353B3 /* ParseurJSONYrNo.swift in Sources */ = {isa = PBXBuildFile; fileRef = 8F5EFD3224B106C6002353B3 /* ParseurJSONYrNo.swift */; };
		8F854BB924CC50190066E169 /* ParseurJSONOpenWeatherMap.swift in Sources */ = {isa = PBXBuildFile; fileRef = 8F854BB824CC50190066E169 /* ParseurJSONOpenWeatherMap.swift */; };
/* End PBXBuildFile section */

/* Begin PBXContainerItemProxy section */
		8F0D59A224369DFC004D4438 /* PBXContainerItemProxy */ = {
			isa = PBXContainerItemProxy;
			containerPortal = 8F0D598324369DFA004D4438 /* Project object */;
			proxyType = 1;
			remoteGlobalIDString = 8F0D598A24369DFA004D4438;
			remoteInfo = Metaeo;
		};
/* End PBXContainerItemProxy section */

/* Begin PBXFileReference section */
		8F04209B24BBBEB300182235 /* ParametresTableViewController.swift */ = {isa = PBXFileReference; lastKnownFileType = sourcecode.swift; path = ParametresTableViewController.swift; sourceTree = "<group>"; };
		8F04209D24BBBF2000182235 /* DetailsPrevisionViewController.swift */ = {isa = PBXFileReference; lastKnownFileType = sourcecode.swift; path = DetailsPrevisionViewController.swift; sourceTree = "<group>"; };
		8F0420A024C0FF7800182235 /* ParseurJSONNOAA.swift */ = {isa = PBXFileReference; fileEncoding = 4; lastKnownFileType = sourcecode.swift; path = ParseurJSONNOAA.swift; sourceTree = "<group>"; };
		8F0420A224C1081E00182235 /* ProtocolesParseurs.swift */ = {isa = PBXFileReference; lastKnownFileType = sourcecode.swift; path = ProtocolesParseurs.swift; sourceTree = "<group>"; };
		8F0420A624C276A600182235 /* StateController.swift */ = {isa = PBXFileReference; lastKnownFileType = sourcecode.swift; path = StateController.swift; sourceTree = "<group>"; };
		8F057E5D24B25F00009F8D78 /* Papier brouillon */ = {isa = PBXFileReference; lastKnownFileType = text; name = "Papier brouillon"; path = "Notes/Papier brouillon"; sourceTree = SOURCE_ROOT; };
		8F095A6424B0DAFA000AC650 /* SwiftyJSON.swift */ = {isa = PBXFileReference; lastKnownFileType = sourcecode.swift; path = SwiftyJSON.swift; sourceTree = "<group>"; };
		8F0D598B24369DFA004D4438 /* Metaeo.app */ = {isa = PBXFileReference; explicitFileType = wrapper.application; includeInIndex = 0; path = Metaeo.app; sourceTree = BUILT_PRODUCTS_DIR; };
		8F0D598E24369DFA004D4438 /* AppDelegate.swift */ = {isa = PBXFileReference; lastKnownFileType = sourcecode.swift; path = AppDelegate.swift; sourceTree = "<group>"; };
		8F0D599024369DFA004D4438 /* ListePrevisionsViewController.swift */ = {isa = PBXFileReference; lastKnownFileType = sourcecode.swift; path = ListePrevisionsViewController.swift; sourceTree = "<group>"; };
		8F0D599224369DFA004D4438 /* ConditionsActuellesViewController.swift */ = {isa = PBXFileReference; lastKnownFileType = sourcecode.swift; path = ConditionsActuellesViewController.swift; sourceTree = "<group>"; };
		8F0D599524369DFA004D4438 /* Base */ = {isa = PBXFileReference; lastKnownFileType = file.storyboard; name = Base; path = Base.lproj/Main.storyboard; sourceTree = "<group>"; };
		8F0D599724369DFC004D4438 /* Assets.xcassets */ = {isa = PBXFileReference; lastKnownFileType = folder.assetcatalog; path = Assets.xcassets; sourceTree = "<group>"; };
		8F0D599A24369DFC004D4438 /* Base */ = {isa = PBXFileReference; lastKnownFileType = file.storyboard; name = Base; path = Base.lproj/LaunchScreen.storyboard; sourceTree = "<group>"; };
		8F0D599C24369DFC004D4438 /* Info.plist */ = {isa = PBXFileReference; lastKnownFileType = text.plist.xml; path = Info.plist; sourceTree = "<group>"; };
		8F0D59A124369DFC004D4438 /* MetaeoTests.xctest */ = {isa = PBXFileReference; explicitFileType = wrapper.cfbundle; includeInIndex = 0; path = MetaeoTests.xctest; sourceTree = BUILT_PRODUCTS_DIR; };
		8F0D59A524369DFC004D4438 /* MetaeoTests.swift */ = {isa = PBXFileReference; lastKnownFileType = sourcecode.swift; path = MetaeoTests.swift; sourceTree = "<group>"; };
		8F0D59A724369DFC004D4438 /* Info.plist */ = {isa = PBXFileReference; lastKnownFileType = text.plist.xml; path = Info.plist; sourceTree = "<group>"; };
		8F0D59B0243D66C0004D4438 /* Notes générales */ = {isa = PBXFileReference; lastKnownFileType = text; path = "Notes générales"; sourceTree = "<group>"; };
		8F0D59B4243E91FD004D4438 /* Utilitaires.swift */ = {isa = PBXFileReference; lastKnownFileType = sourcecode.swift; path = Utilitaires.swift; sourceTree = "<group>"; };
		8F0D59C12440C49F004D4438 /* Prevision.swift */ = {isa = PBXFileReference; lastKnownFileType = sourcecode.swift; path = Prevision.swift; sourceTree = "<group>"; };
		8F0D59C3244936AF004D4438 /* To-do list */ = {isa = PBXFileReference; lastKnownFileType = text; path = "To-do list"; sourceTree = "<group>"; };
		8F0D59C7248B3233004D4438 /* PrevisionSourceTableViewCell.swift */ = {isa = PBXFileReference; lastKnownFileType = sourcecode.swift; path = PrevisionSourceTableViewCell.swift; sourceTree = "<group>"; };
		8F0D59C9249E654F004D4438 /* DelegueParseurXMLEnvironnementCanada.swift */ = {isa = PBXFileReference; lastKnownFileType = sourcecode.swift; path = DelegueParseurXMLEnvironnementCanada.swift; sourceTree = "<group>"; };
		8F0D59CF24A3CEDF004D4438 /* PrevisionPeriodeCollectionViewCell.swift */ = {isa = PBXFileReference; lastKnownFileType = sourcecode.swift; path = PrevisionPeriodeCollectionViewCell.swift; sourceTree = "<group>"; };
		8F0D59D124A3E6BB004D4438 /* Achievements */ = {isa = PBXFileReference; lastKnownFileType = text; path = Achievements; sourceTree = "<group>"; };
		8F0D59D324AB9941004D4438 /* EnumConditions.swift */ = {isa = PBXFileReference; lastKnownFileType = sourcecode.swift; path = EnumConditions.swift; sourceTree = "<group>"; };
		8F5EFD3224B106C6002353B3 /* ParseurJSONYrNo.swift */ = {isa = PBXFileReference; lastKnownFileType = sourcecode.swift; path = ParseurJSONYrNo.swift; sourceTree = "<group>"; };
		8F854BB824CC50190066E169 /* ParseurJSONOpenWeatherMap.swift */ = {isa = PBXFileReference; lastKnownFileType = sourcecode.swift; path = ParseurJSONOpenWeatherMap.swift; sourceTree = "<group>"; };
/* End PBXFileReference section */

/* Begin PBXFrameworksBuildPhase section */
		8F0D598824369DFA004D4438 /* Frameworks */ = {
			isa = PBXFrameworksBuildPhase;
			buildActionMask = 2147483647;
			files = (
			);
			runOnlyForDeploymentPostprocessing = 0;
		};
		8F0D599E24369DFC004D4438 /* Frameworks */ = {
			isa = PBXFrameworksBuildPhase;
			buildActionMask = 2147483647;
			files = (
			);
			runOnlyForDeploymentPostprocessing = 0;
		};
/* End PBXFrameworksBuildPhase section */

/* Begin PBXGroup section */
		8F04209F24BBBF3200182235 /* Cellules */ = {
			isa = PBXGroup;
			children = (
				8F0D59CF24A3CEDF004D4438 /* PrevisionPeriodeCollectionViewCell.swift */,
				8F0D59C7248B3233004D4438 /* PrevisionSourceTableViewCell.swift */,
			);
			path = Cellules;
			sourceTree = "<group>";
		};
		8F057E5F24B25F11009F8D78 /* Notes */ = {
			isa = PBXGroup;
			children = (
				8F0D59C3244936AF004D4438 /* To-do list */,
				8F0D59B0243D66C0004D4438 /* Notes générales */,
				8F0D59D124A3E6BB004D4438 /* Achievements */,
				8F057E5D24B25F00009F8D78 /* Papier brouillon */,
			);
			path = Notes;
			sourceTree = "<group>";
		};
		8F095A6324B0DAF2000AC650 /* Packages */ = {
			isa = PBXGroup;
			children = (
				8F095A6424B0DAFA000AC650 /* SwiftyJSON.swift */,
			);
			path = Packages;
			sourceTree = "<group>";
		};
		8F0D598224369DFA004D4438 = {
			isa = PBXGroup;
			children = (
				8F057E5F24B25F11009F8D78 /* Notes */,
				8F0D598D24369DFA004D4438 /* Metaeo */,
				8F0D59A424369DFC004D4438 /* MetaeoTests */,
				8F0D598C24369DFA004D4438 /* Products */,
			);
			sourceTree = "<group>";
		};
		8F0D598C24369DFA004D4438 /* Products */ = {
			isa = PBXGroup;
			children = (
				8F0D598B24369DFA004D4438 /* Metaeo.app */,
				8F0D59A124369DFC004D4438 /* MetaeoTests.xctest */,
			);
			name = Products;
			sourceTree = "<group>";
		};
		8F0D598D24369DFA004D4438 /* Metaeo */ = {
			isa = PBXGroup;
			children = (
				8F0D598E24369DFA004D4438 /* AppDelegate.swift */,
				8F0420A624C276A600182235 /* StateController.swift */,
				8F0D59B4243E91FD004D4438 /* Utilitaires.swift */,
				8F0D59CE24A3C78B004D4438 /* Importation */,
				8F0D59B8243F6D14004D4438 /* Modèles */,
				8F0D59CD24A3C76A004D4438 /* Vues */,
				8F0D599724369DFC004D4438 /* Assets.xcassets */,
				8F0D599924369DFC004D4438 /* LaunchScreen.storyboard */,
				8F0D599C24369DFC004D4438 /* Info.plist */,
				8F095A6324B0DAF2000AC650 /* Packages */,
			);
			path = Metaeo;
			sourceTree = "<group>";
		};
		8F0D59A424369DFC004D4438 /* MetaeoTests */ = {
			isa = PBXGroup;
			children = (
				8F0D59A524369DFC004D4438 /* MetaeoTests.swift */,
				8F0D59A724369DFC004D4438 /* Info.plist */,
			);
			path = MetaeoTests;
			sourceTree = "<group>";
		};
		8F0D59B8243F6D14004D4438 /* Modèles */ = {
			isa = PBXGroup;
			children = (
				8F0D59D324AB9941004D4438 /* EnumConditions.swift */,
				8F0D59C12440C49F004D4438 /* Prevision.swift */,
			);
			name = "Modèles";
			path = "Modèle";
			sourceTree = "<group>";
		};
		8F0D59CD24A3C76A004D4438 /* Vues */ = {
			isa = PBXGroup;
			children = (
				8F0D599424369DFA004D4438 /* Main.storyboard */,
				8F0D599224369DFA004D4438 /* ConditionsActuellesViewController.swift */,
				8F0D599024369DFA004D4438 /* ListePrevisionsViewController.swift */,
				8F04209D24BBBF2000182235 /* DetailsPrevisionViewController.swift */,
				8F04209B24BBBEB300182235 /* ParametresTableViewController.swift */,
				8F04209F24BBBF3200182235 /* Cellules */,
			);
			path = Vues;
			sourceTree = "<group>";
		};
		8F0D59CE24A3C78B004D4438 /* Importation */ = {
			isa = PBXGroup;
			children = (
				8F0420A224C1081E00182235 /* ProtocolesParseurs.swift */,
				8F0D59C9249E654F004D4438 /* DelegueParseurXMLEnvironnementCanada.swift */,
				8F5EFD3224B106C6002353B3 /* ParseurJSONYrNo.swift */,
				8F0420A024C0FF7800182235 /* ParseurJSONNOAA.swift */,
				8F854BB824CC50190066E169 /* ParseurJSONOpenWeatherMap.swift */,
			);
			path = Importation;
			sourceTree = "<group>";
		};
/* End PBXGroup section */

/* Begin PBXNativeTarget section */
		8F0D598A24369DFA004D4438 /* Metaeo */ = {
			isa = PBXNativeTarget;
			buildConfigurationList = 8F0D59AA24369DFC004D4438 /* Build configuration list for PBXNativeTarget "Metaeo" */;
			buildPhases = (
				8F0D598724369DFA004D4438 /* Sources */,
				8F0D598824369DFA004D4438 /* Frameworks */,
				8F0D598924369DFA004D4438 /* Resources */,
			);
			buildRules = (
			);
			dependencies = (
			);
			name = Metaeo;
			productName = Metaeo;
			productReference = 8F0D598B24369DFA004D4438 /* Metaeo.app */;
			productType = "com.apple.product-type.application";
		};
		8F0D59A024369DFC004D4438 /* MetaeoTests */ = {
			isa = PBXNativeTarget;
			buildConfigurationList = 8F0D59AD24369DFC004D4438 /* Build configuration list for PBXNativeTarget "MetaeoTests" */;
			buildPhases = (
				8F0D599D24369DFC004D4438 /* Sources */,
				8F0D599E24369DFC004D4438 /* Frameworks */,
				8F0D599F24369DFC004D4438 /* Resources */,
			);
			buildRules = (
			);
			dependencies = (
				8F0D59A324369DFC004D4438 /* PBXTargetDependency */,
			);
			name = MetaeoTests;
			productName = MetaeoTests;
			productReference = 8F0D59A124369DFC004D4438 /* MetaeoTests.xctest */;
			productType = "com.apple.product-type.bundle.unit-test";
		};
/* End PBXNativeTarget section */

/* Begin PBXProject section */
		8F0D598324369DFA004D4438 /* Project object */ = {
			isa = PBXProject;
			attributes = {
				LastSwiftUpdateCheck = 1020;
				LastUpgradeCheck = 1020;
				ORGANIZATIONNAME = "Étienne Fortier-Dubois";
				TargetAttributes = {
					8F0D598A24369DFA004D4438 = {
						CreatedOnToolsVersion = 10.2.1;
					};
					8F0D59A024369DFC004D4438 = {
						CreatedOnToolsVersion = 10.2.1;
						TestTargetID = 8F0D598A24369DFA004D4438;
					};
				};
			};
			buildConfigurationList = 8F0D598624369DFA004D4438 /* Build configuration list for PBXProject "Metaeo" */;
			compatibilityVersion = "Xcode 9.3";
			developmentRegion = en;
			hasScannedForEncodings = 0;
			knownRegions = (
				en,
				Base,
			);
			mainGroup = 8F0D598224369DFA004D4438;
			productRefGroup = 8F0D598C24369DFA004D4438 /* Products */;
			projectDirPath = "";
			projectRoot = "";
			targets = (
				8F0D598A24369DFA004D4438 /* Metaeo */,
				8F0D59A024369DFC004D4438 /* MetaeoTests */,
			);
		};
/* End PBXProject section */

/* Begin PBXResourcesBuildPhase section */
		8F0D598924369DFA004D4438 /* Resources */ = {
			isa = PBXResourcesBuildPhase;
			buildActionMask = 2147483647;
			files = (
				8F0D59D224A3E6BB004D4438 /* Achievements in Resources */,
				8F057E5E24B25F00009F8D78 /* Papier brouillon in Resources */,
				8F0D599B24369DFC004D4438 /* LaunchScreen.storyboard in Resources */,
				8F0D599824369DFC004D4438 /* Assets.xcassets in Resources */,
				8F0D59B1243D66C0004D4438 /* Notes générales in Resources */,
				8F0D59C4244936AF004D4438 /* To-do list in Resources */,
				8F0D599624369DFA004D4438 /* Main.storyboard in Resources */,
			);
			runOnlyForDeploymentPostprocessing = 0;
		};
		8F0D599F24369DFC004D4438 /* Resources */ = {
			isa = PBXResourcesBuildPhase;
			buildActionMask = 2147483647;
			files = (
			);
			runOnlyForDeploymentPostprocessing = 0;
		};
/* End PBXResourcesBuildPhase section */

/* Begin PBXSourcesBuildPhase section */
		8F0D598724369DFA004D4438 /* Sources */ = {
			isa = PBXSourcesBuildPhase;
			buildActionMask = 2147483647;
			files = (
				8F0D59CA249E654F004D4438 /* DelegueParseurXMLEnvironnementCanada.swift in Sources */,
				8F0D599324369DFA004D4438 /* ConditionsActuellesViewController.swift in Sources */,
				8F0420A324C1081E00182235 /* ProtocolesParseurs.swift in Sources */,
				8F095A6524B0FE1B000AC650 /* SwiftyJSON.swift in Sources */,
				8F04209E24BBBF2000182235 /* DetailsPrevisionViewController.swift in Sources */,
				8F0D59B5243E91FD004D4438 /* Utilitaires.swift in Sources */,
				8F854BB924CC50190066E169 /* ParseurJSONOpenWeatherMap.swift in Sources */,
				8F0420A124C0FF7800182235 /* ParseurJSONNOAA.swift in Sources */,
				8F0420A724C276A600182235 /* StateController.swift in Sources */,
				8F5EFD3324B106C6002353B3 /* ParseurJSONYrNo.swift in Sources */,
				8F0D598F24369DFA004D4438 /* AppDelegate.swift in Sources */,
				8F04209C24BBBEB300182235 /* ParametresTableViewController.swift in Sources */,
				8F0D59C22440C49F004D4438 /* Prevision.swift in Sources */,
				8F0D599124369DFA004D4438 /* ListePrevisionsViewController.swift in Sources */,
				8F0D59D424AB9941004D4438 /* EnumConditions.swift in Sources */,
				8F0D59C8248B3233004D4438 /* PrevisionSourceTableViewCell.swift in Sources */,
				8F0D59D024A3CEDF004D4438 /* PrevisionPeriodeCollectionViewCell.swift in Sources */,
			);
			runOnlyForDeploymentPostprocessing = 0;
		};
		8F0D599D24369DFC004D4438 /* Sources */ = {
			isa = PBXSourcesBuildPhase;
			buildActionMask = 2147483647;
			files = (
				8F0D59A624369DFC004D4438 /* MetaeoTests.swift in Sources */,
			);
			runOnlyForDeploymentPostprocessing = 0;
		};
/* End PBXSourcesBuildPhase section */

/* Begin PBXTargetDependency section */
		8F0D59A324369DFC004D4438 /* PBXTargetDependency */ = {
			isa = PBXTargetDependency;
			target = 8F0D598A24369DFA004D4438 /* Metaeo */;
			targetProxy = 8F0D59A224369DFC004D4438 /* PBXContainerItemProxy */;
		};
/* End PBXTargetDependency section */

/* Begin PBXVariantGroup section */
		8F0D599424369DFA004D4438 /* Main.storyboard */ = {
			isa = PBXVariantGroup;
			children = (
				8F0D599524369DFA004D4438 /* Base */,
			);
			name = Main.storyboard;
			sourceTree = "<group>";
		};
		8F0D599924369DFC004D4438 /* LaunchScreen.storyboard */ = {
			isa = PBXVariantGroup;
			children = (
				8F0D599A24369DFC004D4438 /* Base */,
			);
			name = LaunchScreen.storyboard;
			sourceTree = "<group>";
		};
/* End PBXVariantGroup section */

/* Begin XCBuildConfiguration section */
		8F0D59A824369DFC004D4438 /* Debug */ = {
			isa = XCBuildConfiguration;
			buildSettings = {
				ALWAYS_SEARCH_USER_PATHS = NO;
				CLANG_ANALYZER_NONNULL = YES;
				CLANG_ANALYZER_NUMBER_OBJECT_CONVERSION = YES_AGGRESSIVE;
				CLANG_CXX_LANGUAGE_STANDARD = "gnu++14";
				CLANG_CXX_LIBRARY = "libc++";
				CLANG_ENABLE_MODULES = YES;
				CLANG_ENABLE_OBJC_ARC = YES;
				CLANG_ENABLE_OBJC_WEAK = YES;
				CLANG_WARN_BLOCK_CAPTURE_AUTORELEASING = YES;
				CLANG_WARN_BOOL_CONVERSION = YES;
				CLANG_WARN_COMMA = YES;
				CLANG_WARN_CONSTANT_CONVERSION = YES;
				CLANG_WARN_DEPRECATED_OBJC_IMPLEMENTATIONS = YES;
				CLANG_WARN_DIRECT_OBJC_ISA_USAGE = YES_ERROR;
				CLANG_WARN_DOCUMENTATION_COMMENTS = YES;
				CLANG_WARN_EMPTY_BODY = YES;
				CLANG_WARN_ENUM_CONVERSION = YES;
				CLANG_WARN_INFINITE_RECURSION = YES;
				CLANG_WARN_INT_CONVERSION = YES;
				CLANG_WARN_NON_LITERAL_NULL_CONVERSION = YES;
				CLANG_WARN_OBJC_IMPLICIT_RETAIN_SELF = YES;
				CLANG_WARN_OBJC_LITERAL_CONVERSION = YES;
				CLANG_WARN_OBJC_ROOT_CLASS = YES_ERROR;
				CLANG_WARN_RANGE_LOOP_ANALYSIS = YES;
				CLANG_WARN_STRICT_PROTOTYPES = YES;
				CLANG_WARN_SUSPICIOUS_MOVE = YES;
				CLANG_WARN_UNGUARDED_AVAILABILITY = YES_AGGRESSIVE;
				CLANG_WARN_UNREACHABLE_CODE = YES;
				CLANG_WARN__DUPLICATE_METHOD_MATCH = YES;
				CODE_SIGN_IDENTITY = "iPhone Developer";
				COPY_PHASE_STRIP = NO;
				DEBUG_INFORMATION_FORMAT = dwarf;
				ENABLE_STRICT_OBJC_MSGSEND = YES;
				ENABLE_TESTABILITY = YES;
				GCC_C_LANGUAGE_STANDARD = gnu11;
				GCC_DYNAMIC_NO_PIC = NO;
				GCC_NO_COMMON_BLOCKS = YES;
				GCC_OPTIMIZATION_LEVEL = 0;
				GCC_PREPROCESSOR_DEFINITIONS = (
					"DEBUG=1",
					"$(inherited)",
				);
				GCC_WARN_64_TO_32_BIT_CONVERSION = YES;
				GCC_WARN_ABOUT_RETURN_TYPE = YES_ERROR;
				GCC_WARN_UNDECLARED_SELECTOR = YES;
				GCC_WARN_UNINITIALIZED_AUTOS = YES_AGGRESSIVE;
				GCC_WARN_UNUSED_FUNCTION = YES;
				GCC_WARN_UNUSED_VARIABLE = YES;
				IPHONEOS_DEPLOYMENT_TARGET = 12.2;
				MTL_ENABLE_DEBUG_INFO = INCLUDE_SOURCE;
				MTL_FAST_MATH = YES;
				ONLY_ACTIVE_ARCH = YES;
				SDKROOT = iphoneos;
				SWIFT_ACTIVE_COMPILATION_CONDITIONS = DEBUG;
				SWIFT_OPTIMIZATION_LEVEL = "-Onone";
			};
			name = Debug;
		};
		8F0D59A924369DFC004D4438 /* Release */ = {
			isa = XCBuildConfiguration;
			buildSettings = {
				ALWAYS_SEARCH_USER_PATHS = NO;
				CLANG_ANALYZER_NONNULL = YES;
				CLANG_ANALYZER_NUMBER_OBJECT_CONVERSION = YES_AGGRESSIVE;
				CLANG_CXX_LANGUAGE_STANDARD = "gnu++14";
				CLANG_CXX_LIBRARY = "libc++";
				CLANG_ENABLE_MODULES = YES;
				CLANG_ENABLE_OBJC_ARC = YES;
				CLANG_ENABLE_OBJC_WEAK = YES;
				CLANG_WARN_BLOCK_CAPTURE_AUTORELEASING = YES;
				CLANG_WARN_BOOL_CONVERSION = YES;
				CLANG_WARN_COMMA = YES;
				CLANG_WARN_CONSTANT_CONVERSION = YES;
				CLANG_WARN_DEPRECATED_OBJC_IMPLEMENTATIONS = YES;
				CLANG_WARN_DIRECT_OBJC_ISA_USAGE = YES_ERROR;
				CLANG_WARN_DOCUMENTATION_COMMENTS = YES;
				CLANG_WARN_EMPTY_BODY = YES;
				CLANG_WARN_ENUM_CONVERSION = YES;
				CLANG_WARN_INFINITE_RECURSION = YES;
				CLANG_WARN_INT_CONVERSION = YES;
				CLANG_WARN_NON_LITERAL_NULL_CONVERSION = YES;
				CLANG_WARN_OBJC_IMPLICIT_RETAIN_SELF = YES;
				CLANG_WARN_OBJC_LITERAL_CONVERSION = YES;
				CLANG_WARN_OBJC_ROOT_CLASS = YES_ERROR;
				CLANG_WARN_RANGE_LOOP_ANALYSIS = YES;
				CLANG_WARN_STRICT_PROTOTYPES = YES;
				CLANG_WARN_SUSPICIOUS_MOVE = YES;
				CLANG_WARN_UNGUARDED_AVAILABILITY = YES_AGGRESSIVE;
				CLANG_WARN_UNREACHABLE_CODE = YES;
				CLANG_WARN__DUPLICATE_METHOD_MATCH = YES;
				CODE_SIGN_IDENTITY = "iPhone Developer";
				COPY_PHASE_STRIP = NO;
				DEBUG_INFORMATION_FORMAT = "dwarf-with-dsym";
				ENABLE_NS_ASSERTIONS = NO;
				ENABLE_STRICT_OBJC_MSGSEND = YES;
				GCC_C_LANGUAGE_STANDARD = gnu11;
				GCC_NO_COMMON_BLOCKS = YES;
				GCC_WARN_64_TO_32_BIT_CONVERSION = YES;
				GCC_WARN_ABOUT_RETURN_TYPE = YES_ERROR;
				GCC_WARN_UNDECLARED_SELECTOR = YES;
				GCC_WARN_UNINITIALIZED_AUTOS = YES_AGGRESSIVE;
				GCC_WARN_UNUSED_FUNCTION = YES;
				GCC_WARN_UNUSED_VARIABLE = YES;
				IPHONEOS_DEPLOYMENT_TARGET = 12.2;
				MTL_ENABLE_DEBUG_INFO = NO;
				MTL_FAST_MATH = YES;
				SDKROOT = iphoneos;
				SWIFT_COMPILATION_MODE = wholemodule;
				SWIFT_OPTIMIZATION_LEVEL = "-O";
				VALIDATE_PRODUCT = YES;
			};
			name = Release;
		};
		8F0D59AB24369DFC004D4438 /* Debug */ = {
			isa = XCBuildConfiguration;
			buildSettings = {
				ASSETCATALOG_COMPILER_APPICON_NAME = AppIcon;
				CODE_SIGN_STYLE = Automatic;
				DEVELOPMENT_TEAM = CU7MQHY93T;
				INFOPLIST_FILE = Metaeo/Info.plist;
				LD_RUNPATH_SEARCH_PATHS = (
					"$(inherited)",
					"@executable_path/Frameworks",
				);
				PRODUCT_BUNDLE_IDENTIFIER = com.efd.Metaeo;
				PRODUCT_NAME = "$(TARGET_NAME)";
				SWIFT_VERSION = 5.0;
				TARGETED_DEVICE_FAMILY = "1,2";
			};
			name = Debug;
		};
		8F0D59AC24369DFC004D4438 /* Release */ = {
			isa = XCBuildConfiguration;
			buildSettings = {
				ASSETCATALOG_COMPILER_APPICON_NAME = AppIcon;
				CODE_SIGN_STYLE = Automatic;
				DEVELOPMENT_TEAM = CU7MQHY93T;
				INFOPLIST_FILE = Metaeo/Info.plist;
				LD_RUNPATH_SEARCH_PATHS = (
					"$(inherited)",
					"@executable_path/Frameworks",
				);
				PRODUCT_BUNDLE_IDENTIFIER = com.efd.Metaeo;
				PRODUCT_NAME = "$(TARGET_NAME)";
				SWIFT_VERSION = 5.0;
				TARGETED_DEVICE_FAMILY = "1,2";
			};
			name = Release;
		};
		8F0D59AE24369DFC004D4438 /* Debug */ = {
			isa = XCBuildConfiguration;
			buildSettings = {
				ALWAYS_EMBED_SWIFT_STANDARD_LIBRARIES = YES;
				BUNDLE_LOADER = "$(TEST_HOST)";
				CODE_SIGN_STYLE = Automatic;
				DEVELOPMENT_TEAM = CU7MQHY93T;
				INFOPLIST_FILE = MetaeoTests/Info.plist;
				LD_RUNPATH_SEARCH_PATHS = (
					"$(inherited)",
					"@executable_path/Frameworks",
					"@loader_path/Frameworks",
				);
				PRODUCT_BUNDLE_IDENTIFIER = com.efd.MetaeoTests;
				PRODUCT_NAME = "$(TARGET_NAME)";
				SWIFT_VERSION = 5.0;
				TARGETED_DEVICE_FAMILY = "1,2";
				TEST_HOST = "$(BUILT_PRODUCTS_DIR)/Metaeo.app/Metaeo";
			};
			name = Debug;
		};
		8F0D59AF24369DFC004D4438 /* Release */ = {
			isa = XCBuildConfiguration;
			buildSettings = {
				ALWAYS_EMBED_SWIFT_STANDARD_LIBRARIES = YES;
				BUNDLE_LOADER = "$(TEST_HOST)";
				CODE_SIGN_STYLE = Automatic;
				DEVELOPMENT_TEAM = CU7MQHY93T;
				INFOPLIST_FILE = MetaeoTests/Info.plist;
				LD_RUNPATH_SEARCH_PATHS = (
					"$(inherited)",
					"@executable_path/Frameworks",
					"@loader_path/Frameworks",
				);
				PRODUCT_BUNDLE_IDENTIFIER = com.efd.MetaeoTests;
				PRODUCT_NAME = "$(TARGET_NAME)";
				SWIFT_VERSION = 5.0;
				TARGETED_DEVICE_FAMILY = "1,2";
				TEST_HOST = "$(BUILT_PRODUCTS_DIR)/Metaeo.app/Metaeo";
			};
			name = Release;
		};
/* End XCBuildConfiguration section */

/* Begin XCConfigurationList section */
		8F0D598624369DFA004D4438 /* Build configuration list for PBXProject "Metaeo" */ = {
			isa = XCConfigurationList;
			buildConfigurations = (
				8F0D59A824369DFC004D4438 /* Debug */,
				8F0D59A924369DFC004D4438 /* Release */,
			);
			defaultConfigurationIsVisible = 0;
			defaultConfigurationName = Release;
		};
		8F0D59AA24369DFC004D4438 /* Build configuration list for PBXNativeTarget "Metaeo" */ = {
			isa = XCConfigurationList;
			buildConfigurations = (
				8F0D59AB24369DFC004D4438 /* Debug */,
				8F0D59AC24369DFC004D4438 /* Release */,
			);
			defaultConfigurationIsVisible = 0;
			defaultConfigurationName = Release;
		};
		8F0D59AD24369DFC004D4438 /* Build configuration list for PBXNativeTarget "MetaeoTests" */ = {
			isa = XCConfigurationList;
			buildConfigurations = (
				8F0D59AE24369DFC004D4438 /* Debug */,
				8F0D59AF24369DFC004D4438 /* Release */,
			);
			defaultConfigurationIsVisible = 0;
			defaultConfigurationName = Release;
		};
/* End XCConfigurationList section */
	};
	rootObject = 8F0D598324369DFA004D4438 /* Project object */;
}
